// !$*UTF8*$!
{
	archiveVersion = 1;
	classes = {
	};
	objectVersion = 46;
	objects = {

/* Begin PBXBuildFile section */
		FC426A651C7EC00900049227 /* AppDelegate.swift in Sources */ = {isa = PBXBuildFile; fileRef = FC426A641C7EC00900049227 /* AppDelegate.swift */; };
		FC426A671C7EC00900049227 /* StartViewController.swift in Sources */ = {isa = PBXBuildFile; fileRef = FC426A661C7EC00900049227 /* StartViewController.swift */; };
		FC426A6A1C7EC00900049227 /* Main.storyboard in Resources */ = {isa = PBXBuildFile; fileRef = FC426A681C7EC00900049227 /* Main.storyboard */; };
		FC426A6C1C7EC00900049227 /* Assets.xcassets in Resources */ = {isa = PBXBuildFile; fileRef = FC426A6B1C7EC00900049227 /* Assets.xcassets */; };
		FC426A6F1C7EC00900049227 /* LaunchScreen.storyboard in Resources */ = {isa = PBXBuildFile; fileRef = FC426A6D1C7EC00900049227 /* LaunchScreen.storyboard */; };
		FC426A7A1C7EC00900049227 /* ViperArchitectureTests.swift in Sources */ = {isa = PBXBuildFile; fileRef = FC426A791C7EC00900049227 /* ViperArchitectureTests.swift */; };
		FC426A851C7EC00900049227 /* ViperArchitectureUITests.swift in Sources */ = {isa = PBXBuildFile; fileRef = FC426A841C7EC00900049227 /* ViperArchitectureUITests.swift */; };
		FC426A9A1C7EC6C800049227 /* CountViewController.swift in Sources */ = {isa = PBXBuildFile; fileRef = FC426A991C7EC6C800049227 /* CountViewController.swift */; };
		FC426A9C1C7ED58100049227 /* AppDependencies.swift in Sources */ = {isa = PBXBuildFile; fileRef = FC426A9B1C7ED58100049227 /* AppDependencies.swift */; };
		FC426A9F1C7EDD2100049227 /* MainWireFrame.swift in Sources */ = {isa = PBXBuildFile; fileRef = FC426A9E1C7EDD2100049227 /* MainWireFrame.swift */; };
		FC426AA31C7EDEE600049227 /* StoryboardBuilder.swift in Sources */ = {isa = PBXBuildFile; fileRef = FC426AA21C7EDEE600049227 /* StoryboardBuilder.swift */; };
		FC48CC0F1C7EE46300546D47 /* StartPresenter.swift in Sources */ = {isa = PBXBuildFile; fileRef = FC48CC0E1C7EE46300546D47 /* StartPresenter.swift */; };
		FC48CC1D1C7F0A2200546D47 /* CountPresenter.swift in Sources */ = {isa = PBXBuildFile; fileRef = FC48CC1C1C7F0A2200546D47 /* CountPresenter.swift */; };
		FC48CC1F1C7F0A3500546D47 /* CountInteractor.swift in Sources */ = {isa = PBXBuildFile; fileRef = FC48CC1E1C7F0A3500546D47 /* CountInteractor.swift */; };
		FC48CC211C7F0B2200546D47 /* CountInteractorIO.swift in Sources */ = {isa = PBXBuildFile; fileRef = FC48CC201C7F0B2200546D47 /* CountInteractorIO.swift */; };
		FC48CC241C7F0C3F00546D47 /* CountViewInterface.swift in Sources */ = {isa = PBXBuildFile; fileRef = FC48CC231C7F0C3F00546D47 /* CountViewInterface.swift */; };
/* End PBXBuildFile section */

/* Begin PBXContainerItemProxy section */
		FC426A761C7EC00900049227 /* PBXContainerItemProxy */ = {
			isa = PBXContainerItemProxy;
			containerPortal = FC426A591C7EC00900049227 /* Project object */;
			proxyType = 1;
			remoteGlobalIDString = FC426A601C7EC00900049227;
			remoteInfo = ViperArchitecture;
		};
		FC426A811C7EC00900049227 /* PBXContainerItemProxy */ = {
			isa = PBXContainerItemProxy;
			containerPortal = FC426A591C7EC00900049227 /* Project object */;
			proxyType = 1;
			remoteGlobalIDString = FC426A601C7EC00900049227;
			remoteInfo = ViperArchitecture;
		};
/* End PBXContainerItemProxy section */

/* Begin PBXFileReference section */
		FC426A611C7EC00900049227 /* ViperArchitecture.app */ = {isa = PBXFileReference; explicitFileType = wrapper.application; includeInIndex = 0; path = ViperArchitecture.app; sourceTree = BUILT_PRODUCTS_DIR; };
		FC426A641C7EC00900049227 /* AppDelegate.swift */ = {isa = PBXFileReference; lastKnownFileType = sourcecode.swift; path = AppDelegate.swift; sourceTree = "<group>"; };
		FC426A661C7EC00900049227 /* StartViewController.swift */ = {isa = PBXFileReference; lastKnownFileType = sourcecode.swift; path = StartViewController.swift; sourceTree = "<group>"; };
		FC426A691C7EC00900049227 /* Base */ = {isa = PBXFileReference; lastKnownFileType = file.storyboard; name = Base; path = Base.lproj/Main.storyboard; sourceTree = "<group>"; };
		FC426A6B1C7EC00900049227 /* Assets.xcassets */ = {isa = PBXFileReference; lastKnownFileType = folder.assetcatalog; path = Assets.xcassets; sourceTree = "<group>"; };
		FC426A6E1C7EC00900049227 /* Base */ = {isa = PBXFileReference; lastKnownFileType = file.storyboard; name = Base; path = Base.lproj/LaunchScreen.storyboard; sourceTree = "<group>"; };
		FC426A701C7EC00900049227 /* Info.plist */ = {isa = PBXFileReference; lastKnownFileType = text.plist.xml; path = Info.plist; sourceTree = "<group>"; };
		FC426A751C7EC00900049227 /* ViperArchitectureTests.xctest */ = {isa = PBXFileReference; explicitFileType = wrapper.cfbundle; includeInIndex = 0; path = ViperArchitectureTests.xctest; sourceTree = BUILT_PRODUCTS_DIR; };
		FC426A791C7EC00900049227 /* ViperArchitectureTests.swift */ = {isa = PBXFileReference; lastKnownFileType = sourcecode.swift; path = ViperArchitectureTests.swift; sourceTree = "<group>"; };
		FC426A7B1C7EC00900049227 /* Info.plist */ = {isa = PBXFileReference; lastKnownFileType = text.plist.xml; path = Info.plist; sourceTree = "<group>"; };
		FC426A801C7EC00900049227 /* ViperArchitectureUITests.xctest */ = {isa = PBXFileReference; explicitFileType = wrapper.cfbundle; includeInIndex = 0; path = ViperArchitectureUITests.xctest; sourceTree = BUILT_PRODUCTS_DIR; };
		FC426A841C7EC00900049227 /* ViperArchitectureUITests.swift */ = {isa = PBXFileReference; lastKnownFileType = sourcecode.swift; path = ViperArchitectureUITests.swift; sourceTree = "<group>"; };
		FC426A861C7EC00900049227 /* Info.plist */ = {isa = PBXFileReference; lastKnownFileType = text.plist.xml; path = Info.plist; sourceTree = "<group>"; };
		FC426A991C7EC6C800049227 /* CountViewController.swift */ = {isa = PBXFileReference; fileEncoding = 4; lastKnownFileType = sourcecode.swift; path = CountViewController.swift; sourceTree = "<group>"; };
		FC426A9B1C7ED58100049227 /* AppDependencies.swift */ = {isa = PBXFileReference; fileEncoding = 4; lastKnownFileType = sourcecode.swift; path = AppDependencies.swift; sourceTree = "<group>"; };
		FC426A9E1C7EDD2100049227 /* MainWireFrame.swift */ = {isa = PBXFileReference; fileEncoding = 4; lastKnownFileType = sourcecode.swift; path = MainWireFrame.swift; sourceTree = "<group>"; };
		FC426AA21C7EDEE600049227 /* StoryboardBuilder.swift */ = {isa = PBXFileReference; fileEncoding = 4; lastKnownFileType = sourcecode.swift; path = StoryboardBuilder.swift; sourceTree = "<group>"; };
		FC48CC0E1C7EE46300546D47 /* StartPresenter.swift */ = {isa = PBXFileReference; fileEncoding = 4; lastKnownFileType = sourcecode.swift; path = StartPresenter.swift; sourceTree = "<group>"; };
		FC48CC1C1C7F0A2200546D47 /* CountPresenter.swift */ = {isa = PBXFileReference; fileEncoding = 4; lastKnownFileType = sourcecode.swift; path = CountPresenter.swift; sourceTree = "<group>"; };
		FC48CC1E1C7F0A3500546D47 /* CountInteractor.swift */ = {isa = PBXFileReference; fileEncoding = 4; lastKnownFileType = sourcecode.swift; path = CountInteractor.swift; sourceTree = "<group>"; };
		FC48CC201C7F0B2200546D47 /* CountInteractorIO.swift */ = {isa = PBXFileReference; fileEncoding = 4; lastKnownFileType = sourcecode.swift; path = CountInteractorIO.swift; sourceTree = "<group>"; };
		FC48CC231C7F0C3F00546D47 /* CountViewInterface.swift */ = {isa = PBXFileReference; fileEncoding = 4; lastKnownFileType = sourcecode.swift; path = CountViewInterface.swift; sourceTree = "<group>"; };
/* End PBXFileReference section */

/* Begin PBXFrameworksBuildPhase section */
		FC426A5E1C7EC00900049227 /* Frameworks */ = {
			isa = PBXFrameworksBuildPhase;
			buildActionMask = 2147483647;
			files = (
			);
			runOnlyForDeploymentPostprocessing = 0;
		};
		FC426A721C7EC00900049227 /* Frameworks */ = {
			isa = PBXFrameworksBuildPhase;
			buildActionMask = 2147483647;
			files = (
			);
			runOnlyForDeploymentPostprocessing = 0;
		};
		FC426A7D1C7EC00900049227 /* Frameworks */ = {
			isa = PBXFrameworksBuildPhase;
			buildActionMask = 2147483647;
			files = (
			);
			runOnlyForDeploymentPostprocessing = 0;
		};
/* End PBXFrameworksBuildPhase section */

/* Begin PBXGroup section */
		FC426A581C7EC00900049227 = {
			isa = PBXGroup;
			children = (
				FC426A631C7EC00900049227 /* ViperArchitecture */,
				FC426A781C7EC00900049227 /* ViperArchitectureTests */,
				FC426A831C7EC00900049227 /* ViperArchitectureUITests */,
				FC426A621C7EC00900049227 /* Products */,
			);
			sourceTree = "<group>";
		};
		FC426A621C7EC00900049227 /* Products */ = {
			isa = PBXGroup;
			children = (
				FC426A611C7EC00900049227 /* ViperArchitecture.app */,
				FC426A751C7EC00900049227 /* ViperArchitectureTests.xctest */,
				FC426A801C7EC00900049227 /* ViperArchitectureUITests.xctest */,
			);
			name = Products;
			sourceTree = "<group>";
		};
		FC426A631C7EC00900049227 /* ViperArchitecture */ = {
			isa = PBXGroup;
			children = (
				FC426A921C7EC0A700049227 /* Classes */,
				FC426A641C7EC00900049227 /* AppDelegate.swift */,
				FC426A6B1C7EC00900049227 /* Assets.xcassets */,
				FC426A6D1C7EC00900049227 /* LaunchScreen.storyboard */,
				FC426A701C7EC00900049227 /* Info.plist */,
				FC426A9B1C7ED58100049227 /* AppDependencies.swift */,
			);
			path = ViperArchitecture;
			sourceTree = "<group>";
		};
		FC426A781C7EC00900049227 /* ViperArchitectureTests */ = {
			isa = PBXGroup;
			children = (
				FC426A791C7EC00900049227 /* ViperArchitectureTests.swift */,
				FC426A7B1C7EC00900049227 /* Info.plist */,
			);
			path = ViperArchitectureTests;
			sourceTree = "<group>";
		};
		FC426A831C7EC00900049227 /* ViperArchitectureUITests */ = {
			isa = PBXGroup;
			children = (
				FC426A841C7EC00900049227 /* ViperArchitectureUITests.swift */,
				FC426A861C7EC00900049227 /* Info.plist */,
			);
			path = ViperArchitectureUITests;
			sourceTree = "<group>";
		};
		FC426A921C7EC0A700049227 /* Classes */ = {
			isa = PBXGroup;
			children = (
				FC426AA01C7EDECD00049227 /* Common */,
				FC426A981C7EC68600049227 /* Storyboard */,
				FC426A931C7EC0AD00049227 /* Modules */,
			);
			name = Classes;
			sourceTree = "<group>";
		};
		FC426A931C7EC0AD00049227 /* Modules */ = {
			isa = PBXGroup;
			children = (
				FC48CC131C7EE50500546D47 /* Count */,
				FC48CC121C7EE4AF00546D47 /* Start */,
			);
			name = Modules;
			sourceTree = "<group>";
		};
		FC426A941C7EC0B800049227 /* Presenter */ = {
			isa = PBXGroup;
			children = (
				FC48CC0E1C7EE46300546D47 /* StartPresenter.swift */,
			);
			name = Presenter;
			sourceTree = "<group>";
		};
		FC426A951C7EC0EB00049227 /* Interactor */ = {
			isa = PBXGroup;
			children = (
			);
			name = Interactor;
			sourceTree = "<group>";
		};
		FC426A961C7EC0F300049227 /* View */ = {
			isa = PBXGroup;
			children = (
				FC426A661C7EC00900049227 /* StartViewController.swift */,
			);
			name = View;
			sourceTree = "<group>";
		};
		FC426A971C7EC0FA00049227 /* InteractorIO */ = {
			isa = PBXGroup;
			children = (
			);
			name = InteractorIO;
			sourceTree = "<group>";
		};
		FC426A981C7EC68600049227 /* Storyboard */ = {
			isa = PBXGroup;
			children = (
				FC426A681C7EC00900049227 /* Main.storyboard */,
			);
			name = Storyboard;
			sourceTree = "<group>";
		};
		FC426A9D1C7EDC7F00049227 /* WireFrame */ = {
			isa = PBXGroup;
			children = (
				FC426A9E1C7EDD2100049227 /* MainWireFrame.swift */,
			);
			name = WireFrame;
			sourceTree = "<group>";
		};
		FC426AA01C7EDECD00049227 /* Common */ = {
			isa = PBXGroup;
			children = (
				FC426AA11C7EDED400049227 /* View */,
			);
			name = Common;
			sourceTree = "<group>";
		};
		FC426AA11C7EDED400049227 /* View */ = {
			isa = PBXGroup;
			children = (
				FC426AA21C7EDEE600049227 /* StoryboardBuilder.swift */,
			);
			name = View;
			sourceTree = "<group>";
		};
		FC48CC121C7EE4AF00546D47 /* Start */ = {
			isa = PBXGroup;
			children = (
				FC48CC191C7EF6DF00546D47 /* Interface */,
				FC426A941C7EC0B800049227 /* Presenter */,
				FC426A951C7EC0EB00049227 /* Interactor */,
				FC426A961C7EC0F300049227 /* View */,
				FC426A971C7EC0FA00049227 /* InteractorIO */,
				FC426A9D1C7EDC7F00049227 /* WireFrame */,
			);
			name = Start;
			sourceTree = "<group>";
		};
		FC48CC131C7EE50500546D47 /* Count */ = {
			isa = PBXGroup;
			children = (
				FC48CC221C7F0C1900546D47 /* Interface */,
				FC48CC181C7EE60200546D47 /* InteractorIO */,
				FC48CC171C7EE5F900546D47 /* WireFrame */,
				FC48CC161C7EE5F400546D47 /* View */,
				FC48CC151C7EE5EB00546D47 /* Interactor */,
				FC48CC141C7EE5E600546D47 /* Presenter */,
			);
			name = Count;
			sourceTree = "<group>";
		};
		FC48CC141C7EE5E600546D47 /* Presenter */ = {
			isa = PBXGroup;
			children = (
				FC48CC1C1C7F0A2200546D47 /* CountPresenter.swift */,
			);
			name = Presenter;
			sourceTree = "<group>";
		};
		FC48CC151C7EE5EB00546D47 /* Interactor */ = {
			isa = PBXGroup;
			children = (
				FC48CC1E1C7F0A3500546D47 /* CountInteractor.swift */,
			);
			name = Interactor;
			sourceTree = "<group>";
		};
		FC48CC161C7EE5F400546D47 /* View */ = {
			isa = PBXGroup;
			children = (
				FC426A991C7EC6C800049227 /* CountViewController.swift */,
			);
			name = View;
			sourceTree = "<group>";
		};
		FC48CC171C7EE5F900546D47 /* WireFrame */ = {
			isa = PBXGroup;
			children = (
			);
			name = WireFrame;
			sourceTree = "<group>";
		};
		FC48CC181C7EE60200546D47 /* InteractorIO */ = {
			isa = PBXGroup;
			children = (
				FC48CC201C7F0B2200546D47 /* CountInteractorIO.swift */,
			);
			name = InteractorIO;
			sourceTree = "<group>";
		};
		FC48CC191C7EF6DF00546D47 /* Interface */ = {
			isa = PBXGroup;
			children = (
			);
			name = Interface;
			sourceTree = "<group>";
		};
		FC48CC221C7F0C1900546D47 /* Interface */ = {
			isa = PBXGroup;
			children = (
				FC48CC231C7F0C3F00546D47 /* CountViewInterface.swift */,
			);
			name = Interface;
			sourceTree = "<group>";
		};
/* End PBXGroup section */

/* Begin PBXNativeTarget section */
		FC426A601C7EC00900049227 /* ViperArchitecture */ = {
			isa = PBXNativeTarget;
			buildConfigurationList = FC426A891C7EC00900049227 /* Build configuration list for PBXNativeTarget "ViperArchitecture" */;
			buildPhases = (
				FC426A5D1C7EC00900049227 /* Sources */,
				FC426A5E1C7EC00900049227 /* Frameworks */,
				FC426A5F1C7EC00900049227 /* Resources */,
			);
			buildRules = (
			);
			dependencies = (
			);
			name = ViperArchitecture;
			productName = ViperArchitecture;
			productReference = FC426A611C7EC00900049227 /* ViperArchitecture.app */;
			productType = "com.apple.product-type.application";
		};
		FC426A741C7EC00900049227 /* ViperArchitectureTests */ = {
			isa = PBXNativeTarget;
			buildConfigurationList = FC426A8C1C7EC00900049227 /* Build configuration list for PBXNativeTarget "ViperArchitectureTests" */;
			buildPhases = (
				FC426A711C7EC00900049227 /* Sources */,
				FC426A721C7EC00900049227 /* Frameworks */,
				FC426A731C7EC00900049227 /* Resources */,
			);
			buildRules = (
			);
			dependencies = (
				FC426A771C7EC00900049227 /* PBXTargetDependency */,
			);
			name = ViperArchitectureTests;
			productName = ViperArchitectureTests;
			productReference = FC426A751C7EC00900049227 /* ViperArchitectureTests.xctest */;
			productType = "com.apple.product-type.bundle.unit-test";
		};
		FC426A7F1C7EC00900049227 /* ViperArchitectureUITests */ = {
			isa = PBXNativeTarget;
			buildConfigurationList = FC426A8F1C7EC00900049227 /* Build configuration list for PBXNativeTarget "ViperArchitectureUITests" */;
			buildPhases = (
				FC426A7C1C7EC00900049227 /* Sources */,
				FC426A7D1C7EC00900049227 /* Frameworks */,
				FC426A7E1C7EC00900049227 /* Resources */,
			);
			buildRules = (
			);
			dependencies = (
				FC426A821C7EC00900049227 /* PBXTargetDependency */,
			);
			name = ViperArchitectureUITests;
			productName = ViperArchitectureUITests;
			productReference = FC426A801C7EC00900049227 /* ViperArchitectureUITests.xctest */;
			productType = "com.apple.product-type.bundle.ui-testing";
		};
/* End PBXNativeTarget section */

/* Begin PBXProject section */
		FC426A591C7EC00900049227 /* Project object */ = {
			isa = PBXProject;
			attributes = {
				LastSwiftUpdateCheck = 0720;
				LastUpgradeCheck = 0720;
				ORGANIZATIONNAME = "Libra Studio, Inc.";
				TargetAttributes = {
					FC426A601C7EC00900049227 = {
						CreatedOnToolsVersion = 7.2.1;
					};
					FC426A741C7EC00900049227 = {
						CreatedOnToolsVersion = 7.2.1;
						TestTargetID = FC426A601C7EC00900049227;
					};
					FC426A7F1C7EC00900049227 = {
						CreatedOnToolsVersion = 7.2.1;
						TestTargetID = FC426A601C7EC00900049227;
					};
				};
			};
			buildConfigurationList = FC426A5C1C7EC00900049227 /* Build configuration list for PBXProject "ViperArchitecture" */;
			compatibilityVersion = "Xcode 3.2";
			developmentRegion = English;
			hasScannedForEncodings = 0;
			knownRegions = (
				en,
				Base,
			);
			mainGroup = FC426A581C7EC00900049227;
			productRefGroup = FC426A621C7EC00900049227 /* Products */;
			projectDirPath = "";
			projectRoot = "";
			targets = (
				FC426A601C7EC00900049227 /* ViperArchitecture */,
				FC426A741C7EC00900049227 /* ViperArchitectureTests */,
				FC426A7F1C7EC00900049227 /* ViperArchitectureUITests */,
			);
		};
/* End PBXProject section */

/* Begin PBXResourcesBuildPhase section */
		FC426A5F1C7EC00900049227 /* Resources */ = {
			isa = PBXResourcesBuildPhase;
			buildActionMask = 2147483647;
			files = (
				FC426A6F1C7EC00900049227 /* LaunchScreen.storyboard in Resources */,
				FC426A6C1C7EC00900049227 /* Assets.xcassets in Resources */,
				FC426A6A1C7EC00900049227 /* Main.storyboard in Resources */,
			);
			runOnlyForDeploymentPostprocessing = 0;
		};
		FC426A731C7EC00900049227 /* Resources */ = {
			isa = PBXResourcesBuildPhase;
			buildActionMask = 2147483647;
			files = (
			);
			runOnlyForDeploymentPostprocessing = 0;
		};
		FC426A7E1C7EC00900049227 /* Resources */ = {
			isa = PBXResourcesBuildPhase;
			buildActionMask = 2147483647;
			files = (
			);
			runOnlyForDeploymentPostprocessing = 0;
		};
/* End PBXResourcesBuildPhase section */

/* Begin PBXSourcesBuildPhase section */
		FC426A5D1C7EC00900049227 /* Sources */ = {
			isa = PBXSourcesBuildPhase;
			buildActionMask = 2147483647;
			files = (
				FC426AA31C7EDEE600049227 /* StoryboardBuilder.swift in Sources */,
				FC48CC1D1C7F0A2200546D47 /* CountPresenter.swift in Sources */,
				FC48CC241C7F0C3F00546D47 /* CountViewInterface.swift in Sources */,
				FC426A9C1C7ED58100049227 /* AppDependencies.swift in Sources */,
				FC426A9F1C7EDD2100049227 /* MainWireFrame.swift in Sources */,
				FC48CC0F1C7EE46300546D47 /* StartPresenter.swift in Sources */,
				FC426A9A1C7EC6C800049227 /* CountViewController.swift in Sources */,
				FC426A671C7EC00900049227 /* StartViewController.swift in Sources */,
				FC426A651C7EC00900049227 /* AppDelegate.swift in Sources */,
				FC48CC211C7F0B2200546D47 /* CountInteractorIO.swift in Sources */,
				FC48CC1F1C7F0A3500546D47 /* CountInteractor.swift in Sources */,
			);
			runOnlyForDeploymentPostprocessing = 0;
		};
		FC426A711C7EC00900049227 /* Sources */ = {
			isa = PBXSourcesBuildPhase;
			buildActionMask = 2147483647;
			files = (
				FC426A7A1C7EC00900049227 /* ViperArchitectureTests.swift in Sources */,
			);
			runOnlyForDeploymentPostprocessing = 0;
		};
		FC426A7C1C7EC00900049227 /* Sources */ = {
			isa = PBXSourcesBuildPhase;
			buildActionMask = 2147483647;
			files = (
				FC426A851C7EC00900049227 /* ViperArchitectureUITests.swift in Sources */,
			);
			runOnlyForDeploymentPostprocessing = 0;
		};
/* End PBXSourcesBuildPhase section */

/* Begin PBXTargetDependency section */
		FC426A771C7EC00900049227 /* PBXTargetDependency */ = {
			isa = PBXTargetDependency;
			target = FC426A601C7EC00900049227 /* ViperArchitecture */;
			targetProxy = FC426A761C7EC00900049227 /* PBXContainerItemProxy */;
		};
		FC426A821C7EC00900049227 /* PBXTargetDependency */ = {
			isa = PBXTargetDependency;
			target = FC426A601C7EC00900049227 /* ViperArchitecture */;
			targetProxy = FC426A811C7EC00900049227 /* PBXContainerItemProxy */;
		};
/* End PBXTargetDependency section */

/* Begin PBXVariantGroup section */
		FC426A681C7EC00900049227 /* Main.storyboard */ = {
			isa = PBXVariantGroup;
			children = (
				FC426A691C7EC00900049227 /* Base */,
			);
			name = Main.storyboard;
			sourceTree = "<group>";
		};
		FC426A6D1C7EC00900049227 /* LaunchScreen.storyboard */ = {
			isa = PBXVariantGroup;
			children = (
				FC426A6E1C7EC00900049227 /* Base */,
			);
			name = LaunchScreen.storyboard;
			sourceTree = "<group>";
		};
/* End PBXVariantGroup section */

/* Begin XCBuildConfiguration section */
		FC426A871C7EC00900049227 /* Debug */ = {
			isa = XCBuildConfiguration;
			buildSettings = {
				ALWAYS_SEARCH_USER_PATHS = NO;
				CLANG_CXX_LANGUAGE_STANDARD = "gnu++0x";
				CLANG_CXX_LIBRARY = "libc++";
				CLANG_ENABLE_MODULES = YES;
				CLANG_ENABLE_OBJC_ARC = YES;
				CLANG_WARN_BOOL_CONVERSION = YES;
				CLANG_WARN_CONSTANT_CONVERSION = YES;
				CLANG_WARN_DIRECT_OBJC_ISA_USAGE = YES_ERROR;
				CLANG_WARN_EMPTY_BODY = YES;
				CLANG_WARN_ENUM_CONVERSION = YES;
				CLANG_WARN_INT_CONVERSION = YES;
				CLANG_WARN_OBJC_ROOT_CLASS = YES_ERROR;
				CLANG_WARN_UNREACHABLE_CODE = YES;
				CLANG_WARN__DUPLICATE_METHOD_MATCH = YES;
				"CODE_SIGN_IDENTITY[sdk=iphoneos*]" = "iPhone Developer";
				COPY_PHASE_STRIP = NO;
				DEBUG_INFORMATION_FORMAT = dwarf;
				ENABLE_STRICT_OBJC_MSGSEND = YES;
				ENABLE_TESTABILITY = YES;
				GCC_C_LANGUAGE_STANDARD = gnu99;
				GCC_DYNAMIC_NO_PIC = NO;
				GCC_NO_COMMON_BLOCKS = YES;
				GCC_OPTIMIZATION_LEVEL = 0;
				GCC_PREPROCESSOR_DEFINITIONS = (
					"DEBUG=1",
					"$(inherited)",
				);
				GCC_WARN_64_TO_32_BIT_CONVERSION = YES;
				GCC_WARN_ABOUT_RETURN_TYPE = YES_ERROR;
				GCC_WARN_UNDECLARED_SELECTOR = YES;
				GCC_WARN_UNINITIALIZED_AUTOS = YES_AGGRESSIVE;
				GCC_WARN_UNUSED_FUNCTION = YES;
				GCC_WARN_UNUSED_VARIABLE = YES;
				IPHONEOS_DEPLOYMENT_TARGET = 9.2;
				MTL_ENABLE_DEBUG_INFO = YES;
				ONLY_ACTIVE_ARCH = YES;
				SDKROOT = iphoneos;
				SWIFT_OPTIMIZATION_LEVEL = "-Onone";
			};
			name = Debug;
		};
		FC426A881C7EC00900049227 /* Release */ = {
			isa = XCBuildConfiguration;
			buildSettings = {
				ALWAYS_SEARCH_USER_PATHS = NO;
				CLANG_CXX_LANGUAGE_STANDARD = "gnu++0x";
				CLANG_CXX_LIBRARY = "libc++";
				CLANG_ENABLE_MODULES = YES;
				CLANG_ENABLE_OBJC_ARC = YES;
				CLANG_WARN_BOOL_CONVERSION = YES;
				CLANG_WARN_CONSTANT_CONVERSION = YES;
				CLANG_WARN_DIRECT_OBJC_ISA_USAGE = YES_ERROR;
				CLANG_WARN_EMPTY_BODY = YES;
				CLANG_WARN_ENUM_CONVERSION = YES;
				CLANG_WARN_INT_CONVERSION = YES;
				CLANG_WARN_OBJC_ROOT_CLASS = YES_ERROR;
				CLANG_WARN_UNREACHABLE_CODE = YES;
				CLANG_WARN__DUPLICATE_METHOD_MATCH = YES;
				"CODE_SIGN_IDENTITY[sdk=iphoneos*]" = "iPhone Developer";
				COPY_PHASE_STRIP = NO;
				DEBUG_INFORMATION_FORMAT = "dwarf-with-dsym";
				ENABLE_NS_ASSERTIONS = NO;
				ENABLE_STRICT_OBJC_MSGSEND = YES;
				GCC_C_LANGUAGE_STANDARD = gnu99;
				GCC_NO_COMMON_BLOCKS = YES;
				GCC_WARN_64_TO_32_BIT_CONVERSION = YES;
				GCC_WARN_ABOUT_RETURN_TYPE = YES_ERROR;
				GCC_WARN_UNDECLARED_SELECTOR = YES;
				GCC_WARN_UNINITIALIZED_AUTOS = YES_AGGRESSIVE;
				GCC_WARN_UNUSED_FUNCTION = YES;
				GCC_WARN_UNUSED_VARIABLE = YES;
				IPHONEOS_DEPLOYMENT_TARGET = 9.2;
				MTL_ENABLE_DEBUG_INFO = NO;
				SDKROOT = iphoneos;
				VALIDATE_PRODUCT = YES;
			};
			name = Release;
		};
		FC426A8A1C7EC00900049227 /* Debug */ = {
			isa = XCBuildConfiguration;
			buildSettings = {
				ASSETCATALOG_COMPILER_APPICON_NAME = AppIcon;
				INFOPLIST_FILE = ViperArchitecture/Info.plist;
				LD_RUNPATH_SEARCH_PATHS = "$(inherited) @executable_path/Frameworks";
				PRODUCT_BUNDLE_IDENTIFIER = jp.co.librastudio.ViperArchitecture;
				PRODUCT_NAME = "$(TARGET_NAME)";
			};
			name = Debug;
		};
		FC426A8B1C7EC00900049227 /* Release */ = {
			isa = XCBuildConfiguration;
			buildSettings = {
				ASSETCATALOG_COMPILER_APPICON_NAME = AppIcon;
				INFOPLIST_FILE = ViperArchitecture/Info.plist;
				LD_RUNPATH_SEARCH_PATHS = "$(inherited) @executable_path/Frameworks";
				PRODUCT_BUNDLE_IDENTIFIER = jp.co.librastudio.ViperArchitecture;
				PRODUCT_NAME = "$(TARGET_NAME)";
			};
			name = Release;
		};
		FC426A8D1C7EC00900049227 /* Debug */ = {
			isa = XCBuildConfiguration;
			buildSettings = {
				BUNDLE_LOADER = "$(TEST_HOST)";
				INFOPLIST_FILE = ViperArchitectureTests/Info.plist;
				LD_RUNPATH_SEARCH_PATHS = "$(inherited) @executable_path/Frameworks @loader_path/Frameworks";
				PRODUCT_BUNDLE_IDENTIFIER = jp.co.librastudio.ViperArchitectureTests;
				PRODUCT_NAME = "$(TARGET_NAME)";
				TEST_HOST = "$(BUILT_PRODUCTS_DIR)/ViperArchitecture.app/ViperArchitecture";
			};
			name = Debug;
		};
		FC426A8E1C7EC00900049227 /* Release */ = {
			isa = XCBuildConfiguration;
			buildSettings = {
				BUNDLE_LOADER = "$(TEST_HOST)";
				INFOPLIST_FILE = ViperArchitectureTests/Info.plist;
				LD_RUNPATH_SEARCH_PATHS = "$(inherited) @executable_path/Frameworks @loader_path/Frameworks";
				PRODUCT_BUNDLE_IDENTIFIER = jp.co.librastudio.ViperArchitectureTests;
				PRODUCT_NAME = "$(TARGET_NAME)";
				TEST_HOST = "$(BUILT_PRODUCTS_DIR)/ViperArchitecture.app/ViperArchitecture";
			};
			name = Release;
		};
		FC426A901C7EC00900049227 /* Debug */ = {
			isa = XCBuildConfiguration;
			buildSettings = {
				INFOPLIST_FILE = ViperArchitectureUITests/Info.plist;
				LD_RUNPATH_SEARCH_PATHS = "$(inherited) @executable_path/Frameworks @loader_path/Frameworks";
				PRODUCT_BUNDLE_IDENTIFIER = jp.co.librastudio.ViperArchitectureUITests;
				PRODUCT_NAME = "$(TARGET_NAME)";
				TEST_TARGET_NAME = ViperArchitecture;
				USES_XCTRUNNER = YES;
			};
			name = Debug;
		};
		FC426A911C7EC00900049227 /* Release */ = {
			isa = XCBuildConfiguration;
			buildSettings = {
				INFOPLIST_FILE = ViperArchitectureUITests/Info.plist;
				LD_RUNPATH_SEARCH_PATHS = "$(inherited) @executable_path/Frameworks @loader_path/Frameworks";
				PRODUCT_BUNDLE_IDENTIFIER = jp.co.librastudio.ViperArchitectureUITests;
				PRODUCT_NAME = "$(TARGET_NAME)";
				TEST_TARGET_NAME = ViperArchitecture;
				USES_XCTRUNNER = YES;
			};
			name = Release;
		};
/* End XCBuildConfiguration section */

/* Begin XCConfigurationList section */
		FC426A5C1C7EC00900049227 /* Build configuration list for PBXProject "ViperArchitecture" */ = {
			isa = XCConfigurationList;
			buildConfigurations = (
				FC426A871C7EC00900049227 /* Debug */,
				FC426A881C7EC00900049227 /* Release */,
			);
			defaultConfigurationIsVisible = 0;
			defaultConfigurationName = Release;
		};
		FC426A891C7EC00900049227 /* Build configuration list for PBXNativeTarget "ViperArchitecture" */ = {
			isa = XCConfigurationList;
			buildConfigurations = (
				FC426A8A1C7EC00900049227 /* Debug */,
				FC426A8B1C7EC00900049227 /* Release */,
			);
			defaultConfigurationIsVisible = 0;
			defaultConfigurationName = Release;
		};
		FC426A8C1C7EC00900049227 /* Build configuration list for PBXNativeTarget "ViperArchitectureTests" */ = {
			isa = XCConfigurationList;
			buildConfigurations = (
				FC426A8D1C7EC00900049227 /* Debug */,
				FC426A8E1C7EC00900049227 /* Release */,
			);
			defaultConfigurationIsVisible = 0;
			defaultConfigurationName = Release;
		};
		FC426A8F1C7EC00900049227 /* Build configuration list for PBXNativeTarget "ViperArchitectureUITests" */ = {
			isa = XCConfigurationList;
			buildConfigurations = (
				FC426A901C7EC00900049227 /* Debug */,
				FC426A911C7EC00900049227 /* Release */,
			);
			defaultConfigurationIsVisible = 0;
			defaultConfigurationName = Release;
		};
/* End XCConfigurationList section */
	};
	rootObject = FC426A591C7EC00900049227 /* Project object */;
}
